// !$*UTF8*$!
{
	archiveVersion = 1;
	classes = {
	};
	objectVersion = 55;
	objects = {

/* Begin PBXBuildFile section */
		10085AE2284A203300D7333E /* AppDelegate.swift in Sources */ = {isa = PBXBuildFile; fileRef = 10085AE1284A203300D7333E /* AppDelegate.swift */; };
		10085AE4284A203300D7333E /* SceneDelegate.swift in Sources */ = {isa = PBXBuildFile; fileRef = 10085AE3284A203300D7333E /* SceneDelegate.swift */; };
		10085AE9284A203300D7333E /* Main.storyboard in Resources */ = {isa = PBXBuildFile; fileRef = 10085AE7284A203300D7333E /* Main.storyboard */; };
		10085AEB284A203500D7333E /* Assets.xcassets in Resources */ = {isa = PBXBuildFile; fileRef = 10085AEA284A203500D7333E /* Assets.xcassets */; };
		10085AEE284A203500D7333E /* LaunchScreen.storyboard in Resources */ = {isa = PBXBuildFile; fileRef = 10085AEC284A203500D7333E /* LaunchScreen.storyboard */; };
		10085AF7284A225F00D7333E /* IntroduceSubViewController.swift in Sources */ = {isa = PBXBuildFile; fileRef = 10085AF6284A225F00D7333E /* IntroduceSubViewController.swift */; };
		10085AF9284A665F00D7333E /* IntroCell.swift in Sources */ = {isa = PBXBuildFile; fileRef = 10085AF8284A665F00D7333E /* IntroCell.swift */; };
		10085AFB284A666900D7333E /* ListCell.swift in Sources */ = {isa = PBXBuildFile; fileRef = 10085AFA284A666900D7333E /* ListCell.swift */; };
		10085AFD284A684600D7333E /* ListHeaderView.swift in Sources */ = {isa = PBXBuildFile; fileRef = 10085AFC284A684600D7333E /* ListHeaderView.swift */; };
		1031632B284F6F0E00F88955 /* Intro.swift in Sources */ = {isa = PBXBuildFile; fileRef = 1031632A284F6F0E00F88955 /* Intro.swift */; };
		1031632D284F6F1700F88955 /* List.swift in Sources */ = {isa = PBXBuildFile; fileRef = 1031632C284F6F1700F88955 /* List.swift */; };
/* End PBXBuildFile section */

/* Begin PBXFileReference section */
		10085ADE284A203300D7333E /* SSCollection.app */ = {isa = PBXFileReference; explicitFileType = wrapper.application; includeInIndex = 0; path = SSCollection.app; sourceTree = BUILT_PRODUCTS_DIR; };
		10085AE1284A203300D7333E /* AppDelegate.swift */ = {isa = PBXFileReference; lastKnownFileType = sourcecode.swift; path = AppDelegate.swift; sourceTree = "<group>"; };
		10085AE3284A203300D7333E /* SceneDelegate.swift */ = {isa = PBXFileReference; lastKnownFileType = sourcecode.swift; path = SceneDelegate.swift; sourceTree = "<group>"; };
		10085AE8284A203300D7333E /* Base */ = {isa = PBXFileReference; lastKnownFileType = file.storyboard; name = Base; path = Base.lproj/Main.storyboard; sourceTree = "<group>"; };
		10085AEA284A203500D7333E /* Assets.xcassets */ = {isa = PBXFileReference; lastKnownFileType = folder.assetcatalog; path = Assets.xcassets; sourceTree = "<group>"; };
		10085AED284A203500D7333E /* Base */ = {isa = PBXFileReference; lastKnownFileType = file.storyboard; name = Base; path = Base.lproj/LaunchScreen.storyboard; sourceTree = "<group>"; };
		10085AEF284A203500D7333E /* Info.plist */ = {isa = PBXFileReference; lastKnownFileType = text.plist.xml; path = Info.plist; sourceTree = "<group>"; };
		10085AF6284A225F00D7333E /* IntroduceSubViewController.swift */ = {isa = PBXFileReference; lastKnownFileType = sourcecode.swift; path = IntroduceSubViewController.swift; sourceTree = "<group>"; };
		10085AF8284A665F00D7333E /* IntroCell.swift */ = {isa = PBXFileReference; lastKnownFileType = sourcecode.swift; path = IntroCell.swift; sourceTree = "<group>"; };
		10085AFA284A666900D7333E /* ListCell.swift */ = {isa = PBXFileReference; lastKnownFileType = sourcecode.swift; path = ListCell.swift; sourceTree = "<group>"; };
		10085AFC284A684600D7333E /* ListHeaderView.swift */ = {isa = PBXFileReference; lastKnownFileType = sourcecode.swift; path = ListHeaderView.swift; sourceTree = "<group>"; };
		1031632A284F6F0E00F88955 /* Intro.swift */ = {isa = PBXFileReference; lastKnownFileType = sourcecode.swift; path = Intro.swift; sourceTree = "<group>"; };
		1031632C284F6F1700F88955 /* List.swift */ = {isa = PBXFileReference; lastKnownFileType = sourcecode.swift; path = List.swift; sourceTree = "<group>"; };
/* End PBXFileReference section */

/* Begin PBXFrameworksBuildPhase section */
		10085ADB284A203200D7333E /* Frameworks */ = {
			isa = PBXFrameworksBuildPhase;
			buildActionMask = 2147483647;
			files = (
			);
			runOnlyForDeploymentPostprocessing = 0;
		};
/* End PBXFrameworksBuildPhase section */

/* Begin PBXGroup section */
		10085AD5284A203200D7333E = {
			isa = PBXGroup;
			children = (
				10085AE0284A203300D7333E /* SSCollection */,
				10085ADF284A203300D7333E /* Products */,
			);
			sourceTree = "<group>";
		};
		10085ADF284A203300D7333E /* Products */ = {
			isa = PBXGroup;
			children = (
				10085ADE284A203300D7333E /* SSCollection.app */,
			);
			name = Products;
			sourceTree = "<group>";
		};
		10085AE0284A203300D7333E /* SSCollection */ = {
			isa = PBXGroup;
			children = (
				10085AE7284A203300D7333E /* Main.storyboard */,
				10085AF6284A225F00D7333E /* IntroduceSubViewController.swift */,
				10085AF8284A665F00D7333E /* IntroCell.swift */,
				10085AFA284A666900D7333E /* ListCell.swift */,
				10085AFC284A684600D7333E /* ListHeaderView.swift */,
				1031632A284F6F0E00F88955 /* Intro.swift */,
				1031632C284F6F1700F88955 /* List.swift */,
				10085AEA284A203500D7333E /* Assets.xcassets */,
				10085AEF284A203500D7333E /* Info.plist */,
				10085AF5284A207600D7333E /* SupportingFile */,
			);
			path = SSCollection;
			sourceTree = "<group>";
		};
		10085AF5284A207600D7333E /* SupportingFile */ = {
			isa = PBXGroup;
			children = (
				10085AE1284A203300D7333E /* AppDelegate.swift */,
				10085AE3284A203300D7333E /* SceneDelegate.swift */,
				10085AEC284A203500D7333E /* LaunchScreen.storyboard */,
			);
			path = SupportingFile;
			sourceTree = "<group>";
		};
/* End PBXGroup section */

/* Begin PBXNativeTarget section */
		10085ADD284A203200D7333E /* SSCollection */ = {
			isa = PBXNativeTarget;
			buildConfigurationList = 10085AF2284A203500D7333E /* Build configuration list for PBXNativeTarget "SSCollection" */;
			buildPhases = (
				10085ADA284A203200D7333E /* Sources */,
				10085ADB284A203200D7333E /* Frameworks */,
				10085ADC284A203200D7333E /* Resources */,
			);
			buildRules = (
			);
			dependencies = (
			);
			name = SSCollection;
			productName = SSCollection;
			productReference = 10085ADE284A203300D7333E /* SSCollection.app */;
			productType = "com.apple.product-type.application";
		};
/* End PBXNativeTarget section */

/* Begin PBXProject section */
		10085AD6284A203200D7333E /* Project object */ = {
			isa = PBXProject;
			attributes = {
				BuildIndependentTargetsInParallel = 1;
				LastSwiftUpdateCheck = 1310;
				LastUpgradeCheck = 1310;
				TargetAttributes = {
					10085ADD284A203200D7333E = {
						CreatedOnToolsVersion = 13.1;
					};
				};
			};
			buildConfigurationList = 10085AD9284A203200D7333E /* Build configuration list for PBXProject "SSCollection" */;
			compatibilityVersion = "Xcode 13.0";
			developmentRegion = en;
			hasScannedForEncodings = 0;
			knownRegions = (
				en,
				Base,
			);
			mainGroup = 10085AD5284A203200D7333E;
			productRefGroup = 10085ADF284A203300D7333E /* Products */;
			projectDirPath = "";
			projectRoot = "";
			targets = (
				10085ADD284A203200D7333E /* SSCollection */,
			);
		};
/* End PBXProject section */

/* Begin PBXResourcesBuildPhase section */
		10085ADC284A203200D7333E /* Resources */ = {
			isa = PBXResourcesBuildPhase;
			buildActionMask = 2147483647;
			files = (
				10085AEE284A203500D7333E /* LaunchScreen.storyboard in Resources */,
				10085AEB284A203500D7333E /* Assets.xcassets in Resources */,
				10085AE9284A203300D7333E /* Main.storyboard in Resources */,
			);
			runOnlyForDeploymentPostprocessing = 0;
		};
/* End PBXResourcesBuildPhase section */

/* Begin PBXSourcesBuildPhase section */
		10085ADA284A203200D7333E /* Sources */ = {
			isa = PBXSourcesBuildPhase;
			buildActionMask = 2147483647;
			files = (
				10085AE2284A203300D7333E /* AppDelegate.swift in Sources */,
				1031632D284F6F1700F88955 /* List.swift in Sources */,
				10085AE4284A203300D7333E /* SceneDelegate.swift in Sources */,
				10085AF9284A665F00D7333E /* IntroCell.swift in Sources */,
				10085AFB284A666900D7333E /* ListCell.swift in Sources */,
				1031632B284F6F0E00F88955 /* Intro.swift in Sources */,
				10085AF7284A225F00D7333E /* IntroduceSubViewController.swift in Sources */,
				10085AFD284A684600D7333E /* ListHeaderView.swift in Sources */,
			);
			runOnlyForDeploymentPostprocessing = 0;
		};
/* End PBXSourcesBuildPhase section */

/* Begin PBXVariantGroup section */
		10085AE7284A203300D7333E /* Main.storyboard */ = {
			isa = PBXVariantGroup;
			children = (
				10085AE8284A203300D7333E /* Base */,
			);
			name = Main.storyboard;
			sourceTree = "<group>";
		};
		10085AEC284A203500D7333E /* LaunchScreen.storyboard */ = {
			isa = PBXVariantGroup;
			children = (
				10085AED284A203500D7333E /* Base */,
			);
			name = LaunchScreen.storyboard;
			sourceTree = "<group>";
		};
/* End PBXVariantGroup section */

/* Begin XCBuildConfiguration section */
		10085AF0284A203500D7333E /* Debug */ = {
			isa = XCBuildConfiguration;
			buildSettings = {
				ALWAYS_SEARCH_USER_PATHS = NO;
				CLANG_ANALYZER_NONNULL = YES;
				CLANG_ANALYZER_NUMBER_OBJECT_CONVERSION = YES_AGGRESSIVE;
				CLANG_CXX_LANGUAGE_STANDARD = "gnu++17";
				CLANG_CXX_LIBRARY = "libc++";
				CLANG_ENABLE_MODULES = YES;
				CLANG_ENABLE_OBJC_ARC = YES;
				CLANG_ENABLE_OBJC_WEAK = YES;
				CLANG_WARN_BLOCK_CAPTURE_AUTORELEASING = YES;
				CLANG_WARN_BOOL_CONVERSION = YES;
				CLANG_WARN_COMMA = YES;
				CLANG_WARN_CONSTANT_CONVERSION = YES;
				CLANG_WARN_DEPRECATED_OBJC_IMPLEMENTATIONS = YES;
				CLANG_WARN_DIRECT_OBJC_ISA_USAGE = YES_ERROR;
				CLANG_WARN_DOCUMENTATION_COMMENTS = YES;
				CLANG_WARN_EMPTY_BODY = YES;
				CLANG_WARN_ENUM_CONVERSION = YES;
				CLANG_WARN_INFINITE_RECURSION = YES;
				CLANG_WARN_INT_CONVERSION = YES;
				CLANG_WARN_NON_LITERAL_NULL_CONVERSION = YES;
				CLANG_WARN_OBJC_IMPLICIT_RETAIN_SELF = YES;
				CLANG_WARN_OBJC_LITERAL_CONVERSION = YES;
				CLANG_WARN_OBJC_ROOT_CLASS = YES_ERROR;
				CLANG_WARN_QUOTED_INCLUDE_IN_FRAMEWORK_HEADER = YES;
				CLANG_WARN_RANGE_LOOP_ANALYSIS = YES;
				CLANG_WARN_STRICT_PROTOTYPES = YES;
				CLANG_WARN_SUSPICIOUS_MOVE = YES;
				CLANG_WARN_UNGUARDED_AVAILABILITY = YES_AGGRESSIVE;
				CLANG_WARN_UNREACHABLE_CODE = YES;
				CLANG_WARN__DUPLICATE_METHOD_MATCH = YES;
				COPY_PHASE_STRIP = NO;
				DEBUG_INFORMATION_FORMAT = dwarf;
				ENABLE_STRICT_OBJC_MSGSEND = YES;
				ENABLE_TESTABILITY = YES;
				GCC_C_LANGUAGE_STANDARD = gnu11;
				GCC_DYNAMIC_NO_PIC = NO;
				GCC_NO_COMMON_BLOCKS = YES;
				GCC_OPTIMIZATION_LEVEL = 0;
				GCC_PREPROCESSOR_DEFINITIONS = (
					"DEBUG=1",
					"$(inherited)",
				);
				GCC_WARN_64_TO_32_BIT_CONVERSION = YES;
				GCC_WARN_ABOUT_RETURN_TYPE = YES_ERROR;
				GCC_WARN_UNDECLARED_SELECTOR = YES;
				GCC_WARN_UNINITIALIZED_AUTOS = YES_AGGRESSIVE;
				GCC_WARN_UNUSED_FUNCTION = YES;
				GCC_WARN_UNUSED_VARIABLE = YES;
				IPHONEOS_DEPLOYMENT_TARGET = 15.0;
				MTL_ENABLE_DEBUG_INFO = INCLUDE_SOURCE;
				MTL_FAST_MATH = YES;
				ONLY_ACTIVE_ARCH = YES;
				SDKROOT = iphoneos;
				SWIFT_ACTIVE_COMPILATION_CONDITIONS = DEBUG;
				SWIFT_OPTIMIZATION_LEVEL = "-Onone";
			};
			name = Debug;
		};
		10085AF1284A203500D7333E /* Release */ = {
			isa = XCBuildConfiguration;
			buildSettings = {
				ALWAYS_SEARCH_USER_PATHS = NO;
				CLANG_ANALYZER_NONNULL = YES;
				CLANG_ANALYZER_NUMBER_OBJECT_CONVERSION = YES_AGGRESSIVE;
				CLANG_CXX_LANGUAGE_STANDARD = "gnu++17";
				CLANG_CXX_LIBRARY = "libc++";
				CLANG_ENABLE_MODULES = YES;
				CLANG_ENABLE_OBJC_ARC = YES;
				CLANG_ENABLE_OBJC_WEAK = YES;
				CLANG_WARN_BLOCK_CAPTURE_AUTORELEASING = YES;
				CLANG_WARN_BOOL_CONVERSION = YES;
				CLANG_WARN_COMMA = YES;
				CLANG_WARN_CONSTANT_CONVERSION = YES;
				CLANG_WARN_DEPRECATED_OBJC_IMPLEMENTATIONS = YES;
				CLANG_WARN_DIRECT_OBJC_ISA_USAGE = YES_ERROR;
				CLANG_WARN_DOCUMENTATION_COMMENTS = YES;
				CLANG_WARN_EMPTY_BODY = YES;
				CLANG_WARN_ENUM_CONVERSION = YES;
				CLANG_WARN_INFINITE_RECURSION = YES;
				CLANG_WARN_INT_CONVERSION = YES;
				CLANG_WARN_NON_LITERAL_NULL_CONVERSION = YES;
				CLANG_WARN_OBJC_IMPLICIT_RETAIN_SELF = YES;
				CLANG_WARN_OBJC_LITERAL_CONVERSION = YES;
				CLANG_WARN_OBJC_ROOT_CLASS = YES_ERROR;
				CLANG_WARN_QUOTED_INCLUDE_IN_FRAMEWORK_HEADER = YES;
				CLANG_WARN_RANGE_LOOP_ANALYSIS = YES;
				CLANG_WARN_STRICT_PROTOTYPES = YES;
				CLANG_WARN_SUSPICIOUS_MOVE = YES;
				CLANG_WARN_UNGUARDED_AVAILABILITY = YES_AGGRESSIVE;
				CLANG_WARN_UNREACHABLE_CODE = YES;
				CLANG_WARN__DUPLICATE_METHOD_MATCH = YES;
				COPY_PHASE_STRIP = NO;
				DEBUG_INFORMATION_FORMAT = "dwarf-with-dsym";
				ENABLE_NS_ASSERTIONS = NO;
				ENABLE_STRICT_OBJC_MSGSEND = YES;
				GCC_C_LANGUAGE_STANDARD = gnu11;
				GCC_NO_COMMON_BLOCKS = YES;
				GCC_WARN_64_TO_32_BIT_CONVERSION = YES;
				GCC_WARN_ABOUT_RETURN_TYPE = YES_ERROR;
				GCC_WARN_UNDECLARED_SELECTOR = YES;
				GCC_WARN_UNINITIALIZED_AUTOS = YES_AGGRESSIVE;
				GCC_WARN_UNUSED_FUNCTION = YES;
				GCC_WARN_UNUSED_VARIABLE = YES;
				IPHONEOS_DEPLOYMENT_TARGET = 15.0;
				MTL_ENABLE_DEBUG_INFO = NO;
				MTL_FAST_MATH = YES;
				SDKROOT = iphoneos;
				SWIFT_COMPILATION_MODE = wholemodule;
				SWIFT_OPTIMIZATION_LEVEL = "-O";
				VALIDATE_PRODUCT = YES;
			};
			name = Release;
		};
		10085AF3284A203500D7333E /* Debug */ = {
			isa = XCBuildConfiguration;
			buildSettings = {
				ASSETCATALOG_COMPILER_APPICON_NAME = AppIcon;
				ASSETCATALOG_COMPILER_GLOBAL_ACCENT_COLOR_NAME = AccentColor;
				CODE_SIGN_STYLE = Automatic;
				CURRENT_PROJECT_VERSION = 1;
				GENERATE_INFOPLIST_FILE = YES;
				INFOPLIST_FILE = SSCollection/Info.plist;
				INFOPLIST_KEY_UIApplicationSupportsIndirectInputEvents = YES;
				INFOPLIST_KEY_UILaunchStoryboardName = LaunchScreen;
				INFOPLIST_KEY_UIMainStoryboardFile = Main;
				INFOPLIST_KEY_UISupportedInterfaceOrientations_iPad = "UIInterfaceOrientationPortrait UIInterfaceOrientationPortraitUpsideDown UIInterfaceOrientationLandscapeLeft UIInterfaceOrientationLandscapeRight";
				INFOPLIST_KEY_UISupportedInterfaceOrientations_iPhone = "UIInterfaceOrientationPortrait UIInterfaceOrientationLandscapeLeft UIInterfaceOrientationLandscapeRight";
				LD_RUNPATH_SEARCH_PATHS = (
					"$(inherited)",
					"@executable_path/Frameworks",
				);
				MARKETING_VERSION = 1.0;
				PRODUCT_BUNDLE_IDENTIFIER = com.hyeji.SSCollection;
				PRODUCT_NAME = "$(TARGET_NAME)";
				SWIFT_EMIT_LOC_STRINGS = YES;
				SWIFT_VERSION = 5.0;
				TARGETED_DEVICE_FAMILY = 1;
			};
			name = Debug;
		};
		10085AF4284A203500D7333E /* Release */ = {
			isa = XCBuildConfiguration;
			buildSettings = {
				ASSETCATALOG_COMPILER_APPICON_NAME = AppIcon;
				ASSETCATALOG_COMPILER_GLOBAL_ACCENT_COLOR_NAME = AccentColor;
				CODE_SIGN_STYLE = Automatic;
				CURRENT_PROJECT_VERSION = 1;
				GENERATE_INFOPLIST_FILE = YES;
				INFOPLIST_FILE = SSCollection/Info.plist;
				INFOPLIST_KEY_UIApplicationSupportsIndirectInputEvents = YES;
				INFOPLIST_KEY_UILaunchStoryboardName = LaunchScreen;
				INFOPLIST_KEY_UIMainStoryboardFile = Main;
				INFOPLIST_KEY_UISupportedInterfaceOrientations_iPad = "UIInterfaceOrientationPortrait UIInterfaceOrientationPortraitUpsideDown UIInterfaceOrientationLandscapeLeft UIInterfaceOrientationLandscapeRight";
				INFOPLIST_KEY_UISupportedInterfaceOrientations_iPhone = "UIInterfaceOrientationPortrait UIInterfaceOrientationLandscapeLeft UIInterfaceOrientationLandscapeRight";
				LD_RUNPATH_SEARCH_PATHS = (
					"$(inherited)",
					"@executable_path/Frameworks",
				);
				MARKETING_VERSION = 1.0;
				PRODUCT_BUNDLE_IDENTIFIER = com.hyeji.SSCollection;
				PRODUCT_NAME = "$(TARGET_NAME)";
				SWIFT_EMIT_LOC_STRINGS = YES;
				SWIFT_VERSION = 5.0;
				TARGETED_DEVICE_FAMILY = 1;
			};
			name = Release;
		};
/* End XCBuildConfiguration section */

/* Begin XCConfigurationList section */
		10085AD9284A203200D7333E /* Build configuration list for PBXProject "SSCollection" */ = {
			isa = XCConfigurationList;
			buildConfigurations = (
				10085AF0284A203500D7333E /* Debug */,
				10085AF1284A203500D7333E /* Release */,
			);
			defaultConfigurationIsVisible = 0;
			defaultConfigurationName = Release;
		};
		10085AF2284A203500D7333E /* Build configuration list for PBXNativeTarget "SSCollection" */ = {
			isa = XCConfigurationList;
			buildConfigurations = (
				10085AF3284A203500D7333E /* Debug */,
				10085AF4284A203500D7333E /* Release */,
			);
			defaultConfigurationIsVisible = 0;
			defaultConfigurationName = Release;
		};
/* End XCConfigurationList section */
	};
	rootObject = 10085AD6284A203200D7333E /* Project object */;
}
